// !$*UTF8*$!
{
	archiveVersion = 1;
	classes = {
	};
	objectVersion = 50;
	objects = {

/* Begin PBXBuildFile section */
		090A813C24119492008D7A12 /* MetatagStatements.swift in Sources */ = {isa = PBXBuildFile; fileRef = 090A813B24119492008D7A12 /* MetatagStatements.swift */; };
		090A813E241195F5008D7A12 /* MetatagReturnStructs.swift in Sources */ = {isa = PBXBuildFile; fileRef = 090A813D241195F5008D7A12 /* MetatagReturnStructs.swift */; };
		090A81402411969C008D7A12 /* DatabaseInteractions.swift in Sources */ = {isa = PBXBuildFile; fileRef = 090A813F2411969C008D7A12 /* DatabaseInteractions.swift */; };
		091DC3972411972300C5D577 /* DatabaseInformation.swift in Sources */ = {isa = PBXBuildFile; fileRef = 091DC3962411972300C5D577 /* DatabaseInformation.swift */; };
		0940FE6E2411611D006F0E52 /* MetatagTable.swift in Sources */ = {isa = PBXBuildFile; fileRef = 0940FE6D2411611D006F0E52 /* MetatagTable.swift */; };
		0940FE8124116145006F0E52 /* arm64-apple-ios.swiftdoc in Resources */ = {isa = PBXBuildFile; fileRef = 0940FE7224116145006F0E52 /* arm64-apple-ios.swiftdoc */; };
		0940FE8224116145006F0E52 /* x86_64-apple-ios-simulator.swiftdoc in Resources */ = {isa = PBXBuildFile; fileRef = 0940FE7324116145006F0E52 /* x86_64-apple-ios-simulator.swiftdoc */; };
		0940FE8324116145006F0E52 /* x86_64-apple-ios-simulator.swiftmodule in Resources */ = {isa = PBXBuildFile; fileRef = 0940FE7424116145006F0E52 /* x86_64-apple-ios-simulator.swiftmodule */; };
		0940FE8424116145006F0E52 /* x86_64.swiftdoc in Resources */ = {isa = PBXBuildFile; fileRef = 0940FE7524116145006F0E52 /* x86_64.swiftdoc */; };
		0940FE8524116145006F0E52 /* arm64.swiftmodule in Resources */ = {isa = PBXBuildFile; fileRef = 0940FE7624116145006F0E52 /* arm64.swiftmodule */; };
		0940FE8624116145006F0E52 /* x86_64.swiftmodule in Resources */ = {isa = PBXBuildFile; fileRef = 0940FE7724116145006F0E52 /* x86_64.swiftmodule */; };
		0940FE8724116145006F0E52 /* arm.swiftdoc in Resources */ = {isa = PBXBuildFile; fileRef = 0940FE7824116145006F0E52 /* arm.swiftdoc */; };
		0940FE8824116145006F0E52 /* armv7-apple-ios.swiftmodule in Resources */ = {isa = PBXBuildFile; fileRef = 0940FE7924116145006F0E52 /* armv7-apple-ios.swiftmodule */; };
		0940FE8924116145006F0E52 /* arm64-apple-ios.swiftmodule in Resources */ = {isa = PBXBuildFile; fileRef = 0940FE7A24116145006F0E52 /* arm64-apple-ios.swiftmodule */; };
		0940FE8A24116145006F0E52 /* arm.swiftmodule in Resources */ = {isa = PBXBuildFile; fileRef = 0940FE7B24116145006F0E52 /* arm.swiftmodule */; };
		0940FE8B24116145006F0E52 /* armv7.swiftdoc in Resources */ = {isa = PBXBuildFile; fileRef = 0940FE7C24116145006F0E52 /* armv7.swiftdoc */; };
		0940FE8C24116145006F0E52 /* arm64.swiftdoc in Resources */ = {isa = PBXBuildFile; fileRef = 0940FE7D24116145006F0E52 /* arm64.swiftdoc */; };
		0940FE8D24116145006F0E52 /* armv7-apple-ios.swiftdoc in Resources */ = {isa = PBXBuildFile; fileRef = 0940FE7E24116145006F0E52 /* armv7-apple-ios.swiftdoc */; };
		0940FE8E24116145006F0E52 /* armv7.swiftmodule in Resources */ = {isa = PBXBuildFile; fileRef = 0940FE7F24116145006F0E52 /* armv7.swiftmodule */; };
		0940FE8F24116145006F0E52 /* libEasySQLite.a in Frameworks */ = {isa = PBXBuildFile; fileRef = 0940FE8024116145006F0E52 /* libEasySQLite.a */; };
		0944AED8241036BF00688C9B /* UIColorExtension.swift in Sources */ = {isa = PBXBuildFile; fileRef = 0944AED7241036BF00688C9B /* UIColorExtension.swift */; };
		0944AEDA2410419100688C9B /* RevatureTableViewCell.swift in Sources */ = {isa = PBXBuildFile; fileRef = 0944AED92410419100688C9B /* RevatureTableViewCell.swift */; };
		0944AEDC241041CE00688C9B /* CreateEventCell.swift in Sources */ = {isa = PBXBuildFile; fileRef = 0944AEDB241041CE00688C9B /* CreateEventCell.swift */; };
		0944AEDE2410540400688C9B /* CreateEventViewController.swift in Sources */ = {isa = PBXBuildFile; fileRef = 0944AEDD2410540400688C9B /* CreateEventViewController.swift */; };
		09A4679824119C8700A4BB90 /* DatabaseError.swift in Sources */ = {isa = PBXBuildFile; fileRef = 09A4679724119C8700A4BB90 /* DatabaseError.swift */; };
		09A4679A2411A81100A4BB90 /* MetatagAccess.swift in Sources */ = {isa = PBXBuildFile; fileRef = 09A467992411A81100A4BB90 /* MetatagAccess.swift */; };
		09F2C045240EE1B5004A6F47 /* AppDelegate.swift in Sources */ = {isa = PBXBuildFile; fileRef = 09F2C044240EE1B5004A6F47 /* AppDelegate.swift */; };
		09F2C047240EE1B5004A6F47 /* SceneDelegate.swift in Sources */ = {isa = PBXBuildFile; fileRef = 09F2C046240EE1B5004A6F47 /* SceneDelegate.swift */; };
		09F2C049240EE1B5004A6F47 /* ViewController.swift in Sources */ = {isa = PBXBuildFile; fileRef = 09F2C048240EE1B5004A6F47 /* ViewController.swift */; };
		09F2C04C240EE1B5004A6F47 /* Main.storyboard in Resources */ = {isa = PBXBuildFile; fileRef = 09F2C04A240EE1B5004A6F47 /* Main.storyboard */; };
		09F2C04E240EE1B9004A6F47 /* Assets.xcassets in Resources */ = {isa = PBXBuildFile; fileRef = 09F2C04D240EE1B9004A6F47 /* Assets.xcassets */; };
		09F2C051240EE1B9004A6F47 /* LaunchScreen.storyboard in Resources */ = {isa = PBXBuildFile; fileRef = 09F2C04F240EE1B9004A6F47 /* LaunchScreen.storyboard */; };
		5F901D7C2411445600986FF5 /* DatePicker.swift in Sources */ = {isa = PBXBuildFile; fileRef = 5F901D7B2411445600986FF5 /* DatePicker.swift */; };
		5F901D7E2411485100986FF5 /* OrangeToolbar.swift in Sources */ = {isa = PBXBuildFile; fileRef = 5F901D7D2411485100986FF5 /* OrangeToolbar.swift */; };
		5F901D8024114A5200986FF5 /* DropdownPicker.swift in Sources */ = {isa = PBXBuildFile; fileRef = 5F901D7F24114A5200986FF5 /* DropdownPicker.swift */; };
		5F901D8224114E0C00986FF5 /* UITextFieldExtension.swift in Sources */ = {isa = PBXBuildFile; fileRef = 5F901D8124114E0C00986FF5 /* UITextFieldExtension.swift */; };
		5F901D8C2411971700986FF5 /* TrainerLoginAPIResponse.swift in Sources */ = {isa = PBXBuildFile; fileRef = 5F901D8B2411971700986FF5 /* TrainerLoginAPIResponse.swift */; };
		5F901D8F2411A11700986FF5 /* TrainerLoginData.swift in Sources */ = {isa = PBXBuildFile; fileRef = 5F901D8E2411A11700986FF5 /* TrainerLoginData.swift */; };
		5F901D912411A13700986FF5 /* CurrentSystemRole.swift in Sources */ = {isa = PBXBuildFile; fileRef = 5F901D902411A13700986FF5 /* CurrentSystemRole.swift */; };
		5F901D932411A15200986FF5 /* OrgSystemUser.swift in Sources */ = {isa = PBXBuildFile; fileRef = 5F901D922411A15200986FF5 /* OrgSystemUser.swift */; };
		5F901D952411A1AB00986FF5 /* Organization.swift in Sources */ = {isa = PBXBuildFile; fileRef = 5F901D942411A1AB00986FF5 /* Organization.swift */; };
		84DB87CC241049EB00958E75 /* StartQuiz.storyboard in Resources */ = {isa = PBXBuildFile; fileRef = 84DB87CB241049EB00958E75 /* StartQuiz.storyboard */; };
		84DB87D024114A1000958E75 /* BaseViewController.swift in Sources */ = {isa = PBXBuildFile; fileRef = 84DB87CF24114A1000958E75 /* BaseViewController.swift */; };
		84DB87D4241159C300958E75 /* StartQuizViewController.swift in Sources */ = {isa = PBXBuildFile; fileRef = 84DB87D3241159C300958E75 /* StartQuizViewController.swift */; };
		84F34FA42410437100D250BB /* iRevatureButton.swift in Sources */ = {isa = PBXBuildFile; fileRef = 84F34FA32410437100D250BB /* iRevatureButton.swift */; };
		9544BEF224119B9500BFC412 /* VIewControllerInstantiator.swift in Sources */ = {isa = PBXBuildFile; fileRef = 9544BEF124119B9500BFC412 /* VIewControllerInstantiator.swift */; };
		95D8CF1424116B5B00EB322E /* MainStoryBoardController.swift in Sources */ = {isa = PBXBuildFile; fileRef = 95D8CF1324116B5B00EB322E /* MainStoryBoardController.swift */; };
		95D8CF1624117F9300EB322E /* EventManagement.storyboard in Resources */ = {isa = PBXBuildFile; fileRef = 95D8CF1524117F9300EB322E /* EventManagement.storyboard */; };
		95D8CF182411849400EB322E /* QuizManagement.storyboard in Resources */ = {isa = PBXBuildFile; fileRef = 95D8CF172411849400EB322E /* QuizManagement.storyboard */; };
		95D8CF1A24118B2D00EB322E /* AttendeeSignUp.storyboard in Resources */ = {isa = PBXBuildFile; fileRef = 95D8CF1924118B2D00EB322E /* AttendeeSignUp.storyboard */; };
		95D8CF1C2411907100EB322E /* EmployeeLoginViewController.swift in Sources */ = {isa = PBXBuildFile; fileRef = 95D8CF1B2411907100EB322E /* EmployeeLoginViewController.swift */; };
		95D8CF1E241190A100EB322E /* EventViewViewController.swift in Sources */ = {isa = PBXBuildFile; fileRef = 95D8CF1D241190A100EB322E /* EventViewViewController.swift */; };
		95D8CF20241190BB00EB322E /* AttendeeSignUpViewController.swift in Sources */ = {isa = PBXBuildFile; fileRef = 95D8CF1F241190BB00EB322E /* AttendeeSignUpViewController.swift */; };
		95D8CF22241190E900EB322E /* QuizViewViewController.swift in Sources */ = {isa = PBXBuildFile; fileRef = 95D8CF21241190E900EB322E /* QuizViewViewController.swift */; };
		95D8CF242411911A00EB322E /* CreateQuizViewController.swift in Sources */ = {isa = PBXBuildFile; fileRef = 95D8CF232411911A00EB322E /* CreateQuizViewController.swift */; };
		D540960D2411538E00791C7E /* RevatureTextField.swift in Sources */ = {isa = PBXBuildFile; fileRef = D540960C2411538E00791C7E /* RevatureTextField.swift */; };
		D5F4B4AC241033770051F4B8 /* EmployeeLogin.storyboard in Resources */ = {isa = PBXBuildFile; fileRef = D5F4B4AB241033770051F4B8 /* EmployeeLogin.storyboard */; };
/* End PBXBuildFile section */

/* Begin PBXFileReference section */
		090A813B24119492008D7A12 /* MetatagStatements.swift */ = {isa = PBXFileReference; lastKnownFileType = sourcecode.swift; path = MetatagStatements.swift; sourceTree = "<group>"; };
		090A813D241195F5008D7A12 /* MetatagReturnStructs.swift */ = {isa = PBXFileReference; lastKnownFileType = sourcecode.swift; path = MetatagReturnStructs.swift; sourceTree = "<group>"; };
		090A813F2411969C008D7A12 /* DatabaseInteractions.swift */ = {isa = PBXFileReference; lastKnownFileType = sourcecode.swift; path = DatabaseInteractions.swift; sourceTree = "<group>"; };
		091DC3962411972300C5D577 /* DatabaseInformation.swift */ = {isa = PBXFileReference; lastKnownFileType = sourcecode.swift; path = DatabaseInformation.swift; sourceTree = "<group>"; };
		0940FE6D2411611D006F0E52 /* MetatagTable.swift */ = {isa = PBXFileReference; lastKnownFileType = sourcecode.swift; path = MetatagTable.swift; sourceTree = "<group>"; };
		0940FE7224116145006F0E52 /* arm64-apple-ios.swiftdoc */ = {isa = PBXFileReference; lastKnownFileType = file; path = "arm64-apple-ios.swiftdoc"; sourceTree = "<group>"; };
		0940FE7324116145006F0E52 /* x86_64-apple-ios-simulator.swiftdoc */ = {isa = PBXFileReference; lastKnownFileType = file; path = "x86_64-apple-ios-simulator.swiftdoc"; sourceTree = "<group>"; };
		0940FE7424116145006F0E52 /* x86_64-apple-ios-simulator.swiftmodule */ = {isa = PBXFileReference; lastKnownFileType = file; path = "x86_64-apple-ios-simulator.swiftmodule"; sourceTree = "<group>"; };
		0940FE7524116145006F0E52 /* x86_64.swiftdoc */ = {isa = PBXFileReference; lastKnownFileType = file; path = x86_64.swiftdoc; sourceTree = "<group>"; };
		0940FE7624116145006F0E52 /* arm64.swiftmodule */ = {isa = PBXFileReference; lastKnownFileType = file; path = arm64.swiftmodule; sourceTree = "<group>"; };
		0940FE7724116145006F0E52 /* x86_64.swiftmodule */ = {isa = PBXFileReference; lastKnownFileType = file; path = x86_64.swiftmodule; sourceTree = "<group>"; };
		0940FE7824116145006F0E52 /* arm.swiftdoc */ = {isa = PBXFileReference; lastKnownFileType = file; path = arm.swiftdoc; sourceTree = "<group>"; };
		0940FE7924116145006F0E52 /* armv7-apple-ios.swiftmodule */ = {isa = PBXFileReference; lastKnownFileType = file; path = "armv7-apple-ios.swiftmodule"; sourceTree = "<group>"; };
		0940FE7A24116145006F0E52 /* arm64-apple-ios.swiftmodule */ = {isa = PBXFileReference; lastKnownFileType = file; path = "arm64-apple-ios.swiftmodule"; sourceTree = "<group>"; };
		0940FE7B24116145006F0E52 /* arm.swiftmodule */ = {isa = PBXFileReference; lastKnownFileType = file; path = arm.swiftmodule; sourceTree = "<group>"; };
		0940FE7C24116145006F0E52 /* armv7.swiftdoc */ = {isa = PBXFileReference; lastKnownFileType = file; path = armv7.swiftdoc; sourceTree = "<group>"; };
		0940FE7D24116145006F0E52 /* arm64.swiftdoc */ = {isa = PBXFileReference; lastKnownFileType = file; path = arm64.swiftdoc; sourceTree = "<group>"; };
		0940FE7E24116145006F0E52 /* armv7-apple-ios.swiftdoc */ = {isa = PBXFileReference; lastKnownFileType = file; path = "armv7-apple-ios.swiftdoc"; sourceTree = "<group>"; };
		0940FE7F24116145006F0E52 /* armv7.swiftmodule */ = {isa = PBXFileReference; lastKnownFileType = file; path = armv7.swiftmodule; sourceTree = "<group>"; };
		0940FE8024116145006F0E52 /* libEasySQLite.a */ = {isa = PBXFileReference; lastKnownFileType = archive.ar; path = libEasySQLite.a; sourceTree = "<group>"; };
		0944AED7241036BF00688C9B /* UIColorExtension.swift */ = {isa = PBXFileReference; lastKnownFileType = sourcecode.swift; path = UIColorExtension.swift; sourceTree = "<group>"; };
		0944AED92410419100688C9B /* RevatureTableViewCell.swift */ = {isa = PBXFileReference; lastKnownFileType = sourcecode.swift; path = RevatureTableViewCell.swift; sourceTree = "<group>"; };
		0944AEDB241041CE00688C9B /* CreateEventCell.swift */ = {isa = PBXFileReference; lastKnownFileType = sourcecode.swift; path = CreateEventCell.swift; sourceTree = "<group>"; };
		0944AEDD2410540400688C9B /* CreateEventViewController.swift */ = {isa = PBXFileReference; lastKnownFileType = sourcecode.swift; path = CreateEventViewController.swift; sourceTree = "<group>"; };
		09A4679724119C8700A4BB90 /* DatabaseError.swift */ = {isa = PBXFileReference; lastKnownFileType = sourcecode.swift; path = DatabaseError.swift; sourceTree = "<group>"; };
		09A467992411A81100A4BB90 /* MetatagAccess.swift */ = {isa = PBXFileReference; lastKnownFileType = sourcecode.swift; path = MetatagAccess.swift; sourceTree = "<group>"; };
		09F2C041240EE1B5004A6F47 /* iRevatureQuizPro.app */ = {isa = PBXFileReference; explicitFileType = wrapper.application; includeInIndex = 0; path = iRevatureQuizPro.app; sourceTree = BUILT_PRODUCTS_DIR; };
		09F2C044240EE1B5004A6F47 /* AppDelegate.swift */ = {isa = PBXFileReference; lastKnownFileType = sourcecode.swift; path = AppDelegate.swift; sourceTree = "<group>"; };
		09F2C046240EE1B5004A6F47 /* SceneDelegate.swift */ = {isa = PBXFileReference; lastKnownFileType = sourcecode.swift; path = SceneDelegate.swift; sourceTree = "<group>"; };
		09F2C048240EE1B5004A6F47 /* ViewController.swift */ = {isa = PBXFileReference; lastKnownFileType = sourcecode.swift; path = ViewController.swift; sourceTree = "<group>"; };
		09F2C04B240EE1B5004A6F47 /* Base */ = {isa = PBXFileReference; lastKnownFileType = file.storyboard; name = Base; path = Base.lproj/Main.storyboard; sourceTree = "<group>"; };
		09F2C04D240EE1B9004A6F47 /* Assets.xcassets */ = {isa = PBXFileReference; lastKnownFileType = folder.assetcatalog; path = Assets.xcassets; sourceTree = "<group>"; };
		09F2C050240EE1B9004A6F47 /* Base */ = {isa = PBXFileReference; lastKnownFileType = file.storyboard; name = Base; path = Base.lproj/LaunchScreen.storyboard; sourceTree = "<group>"; };
		09F2C052240EE1B9004A6F47 /* Info.plist */ = {isa = PBXFileReference; lastKnownFileType = text.plist.xml; path = Info.plist; sourceTree = "<group>"; };
		5F901D7B2411445600986FF5 /* DatePicker.swift */ = {isa = PBXFileReference; lastKnownFileType = sourcecode.swift; path = DatePicker.swift; sourceTree = "<group>"; };
		5F901D7D2411485100986FF5 /* OrangeToolbar.swift */ = {isa = PBXFileReference; lastKnownFileType = sourcecode.swift; path = OrangeToolbar.swift; sourceTree = "<group>"; };
		5F901D7F24114A5200986FF5 /* DropdownPicker.swift */ = {isa = PBXFileReference; lastKnownFileType = sourcecode.swift; path = DropdownPicker.swift; sourceTree = "<group>"; };
		5F901D8124114E0C00986FF5 /* UITextFieldExtension.swift */ = {isa = PBXFileReference; lastKnownFileType = sourcecode.swift; path = UITextFieldExtension.swift; sourceTree = "<group>"; };
		5F901D8B2411971700986FF5 /* TrainerLoginAPIResponse.swift */ = {isa = PBXFileReference; lastKnownFileType = sourcecode.swift; path = TrainerLoginAPIResponse.swift; sourceTree = "<group>"; };
		5F901D8E2411A11700986FF5 /* TrainerLoginData.swift */ = {isa = PBXFileReference; lastKnownFileType = sourcecode.swift; path = TrainerLoginData.swift; sourceTree = "<group>"; };
		5F901D902411A13700986FF5 /* CurrentSystemRole.swift */ = {isa = PBXFileReference; lastKnownFileType = sourcecode.swift; path = CurrentSystemRole.swift; sourceTree = "<group>"; };
		5F901D922411A15200986FF5 /* OrgSystemUser.swift */ = {isa = PBXFileReference; lastKnownFileType = sourcecode.swift; path = OrgSystemUser.swift; sourceTree = "<group>"; };
		5F901D942411A1AB00986FF5 /* Organization.swift */ = {isa = PBXFileReference; lastKnownFileType = sourcecode.swift; path = Organization.swift; sourceTree = "<group>"; };
		84DB87CB241049EB00958E75 /* StartQuiz.storyboard */ = {isa = PBXFileReference; lastKnownFileType = file.storyboard; path = StartQuiz.storyboard; sourceTree = "<group>"; };
		84DB87CF24114A1000958E75 /* BaseViewController.swift */ = {isa = PBXFileReference; lastKnownFileType = sourcecode.swift; path = BaseViewController.swift; sourceTree = "<group>"; };
		84DB87D3241159C300958E75 /* StartQuizViewController.swift */ = {isa = PBXFileReference; lastKnownFileType = sourcecode.swift; path = StartQuizViewController.swift; sourceTree = "<group>"; };
		84F34FA32410437100D250BB /* iRevatureButton.swift */ = {isa = PBXFileReference; lastKnownFileType = sourcecode.swift; path = iRevatureButton.swift; sourceTree = "<group>"; };
		9544BEF124119B9500BFC412 /* VIewControllerInstantiator.swift */ = {isa = PBXFileReference; lastKnownFileType = sourcecode.swift; path = VIewControllerInstantiator.swift; sourceTree = "<group>"; };
		95D8CF1324116B5B00EB322E /* MainStoryBoardController.swift */ = {isa = PBXFileReference; lastKnownFileType = sourcecode.swift; path = MainStoryBoardController.swift; sourceTree = "<group>"; };
		95D8CF1524117F9300EB322E /* EventManagement.storyboard */ = {isa = PBXFileReference; lastKnownFileType = file.storyboard; path = EventManagement.storyboard; sourceTree = "<group>"; };
		95D8CF172411849400EB322E /* QuizManagement.storyboard */ = {isa = PBXFileReference; lastKnownFileType = file.storyboard; path = QuizManagement.storyboard; sourceTree = "<group>"; };
		95D8CF1924118B2D00EB322E /* AttendeeSignUp.storyboard */ = {isa = PBXFileReference; lastKnownFileType = file.storyboard; path = AttendeeSignUp.storyboard; sourceTree = "<group>"; };
		95D8CF1B2411907100EB322E /* EmployeeLoginViewController.swift */ = {isa = PBXFileReference; lastKnownFileType = sourcecode.swift; path = EmployeeLoginViewController.swift; sourceTree = "<group>"; };
		95D8CF1D241190A100EB322E /* EventViewViewController.swift */ = {isa = PBXFileReference; lastKnownFileType = sourcecode.swift; path = EventViewViewController.swift; sourceTree = "<group>"; };
		95D8CF1F241190BB00EB322E /* AttendeeSignUpViewController.swift */ = {isa = PBXFileReference; lastKnownFileType = sourcecode.swift; path = AttendeeSignUpViewController.swift; sourceTree = "<group>"; };
		95D8CF21241190E900EB322E /* QuizViewViewController.swift */ = {isa = PBXFileReference; lastKnownFileType = sourcecode.swift; path = QuizViewViewController.swift; sourceTree = "<group>"; };
		95D8CF232411911A00EB322E /* CreateQuizViewController.swift */ = {isa = PBXFileReference; lastKnownFileType = sourcecode.swift; path = CreateQuizViewController.swift; sourceTree = "<group>"; };
		D540960C2411538E00791C7E /* RevatureTextField.swift */ = {isa = PBXFileReference; lastKnownFileType = sourcecode.swift; path = RevatureTextField.swift; sourceTree = "<group>"; };
		D5F4B4AB241033770051F4B8 /* EmployeeLogin.storyboard */ = {isa = PBXFileReference; lastKnownFileType = file.storyboard; path = EmployeeLogin.storyboard; sourceTree = "<group>"; };
/* End PBXFileReference section */

/* Begin PBXFrameworksBuildPhase section */
		09F2C03E240EE1B5004A6F47 /* Frameworks */ = {
			isa = PBXFrameworksBuildPhase;
			buildActionMask = 2147483647;
			files = (
				0940FE8F24116145006F0E52 /* libEasySQLite.a in Frameworks */,
			);
			runOnlyForDeploymentPostprocessing = 0;
		};
/* End PBXFrameworksBuildPhase section */

/* Begin PBXGroup section */
		0940FE2624115EEB006F0E52 /* Metatag */ = {
			isa = PBXGroup;
			children = (
				0940FE6D2411611D006F0E52 /* MetatagTable.swift */,
				090A813B24119492008D7A12 /* MetatagStatements.swift */,
				090A813D241195F5008D7A12 /* MetatagReturnStructs.swift */,
			);
			path = Metatag;
			sourceTree = "<group>";
		};
		0940FE2924116019006F0E52 /* Frameworks */ = {
			isa = PBXGroup;
			children = (
			);
			name = Frameworks;
			sourceTree = "<group>";
		};
		0940FE6F24116145006F0E52 /* StaticLibraries */ = {
			isa = PBXGroup;
			children = (
				0940FE7024116145006F0E52 /* EasySQLite */,
			);
			path = StaticLibraries;
			sourceTree = "<group>";
		};
		0940FE7024116145006F0E52 /* EasySQLite */ = {
			isa = PBXGroup;
			children = (
				0940FE7124116145006F0E52 /* EasySQLite.swiftmodule */,
				0940FE8024116145006F0E52 /* libEasySQLite.a */,
			);
			path = EasySQLite;
			sourceTree = "<group>";
		};
		0940FE7124116145006F0E52 /* EasySQLite.swiftmodule */ = {
			isa = PBXGroup;
			children = (
				0940FE7224116145006F0E52 /* arm64-apple-ios.swiftdoc */,
				0940FE7324116145006F0E52 /* x86_64-apple-ios-simulator.swiftdoc */,
				0940FE7424116145006F0E52 /* x86_64-apple-ios-simulator.swiftmodule */,
				0940FE7524116145006F0E52 /* x86_64.swiftdoc */,
				0940FE7624116145006F0E52 /* arm64.swiftmodule */,
				0940FE7724116145006F0E52 /* x86_64.swiftmodule */,
				0940FE7824116145006F0E52 /* arm.swiftdoc */,
				0940FE7924116145006F0E52 /* armv7-apple-ios.swiftmodule */,
				0940FE7A24116145006F0E52 /* arm64-apple-ios.swiftmodule */,
				0940FE7B24116145006F0E52 /* arm.swiftmodule */,
				0940FE7C24116145006F0E52 /* armv7.swiftdoc */,
				0940FE7D24116145006F0E52 /* arm64.swiftdoc */,
				0940FE7E24116145006F0E52 /* armv7-apple-ios.swiftdoc */,
				0940FE7F24116145006F0E52 /* armv7.swiftmodule */,
			);
			path = EasySQLite.swiftmodule;
			sourceTree = "<group>";
		};
		0944AED4241031CF00688C9B /* CreateEvent */ = {
			isa = PBXGroup;
			children = (
			);
			path = CreateEvent;
			sourceTree = "<group>";
		};
		09F2C038240EE1B5004A6F47 = {
			isa = PBXGroup;
			children = (
				0940FE6F24116145006F0E52 /* StaticLibraries */,
				09F2C043240EE1B5004A6F47 /* iRevatureQuizPro */,
				09F2C042240EE1B5004A6F47 /* Products */,
				0940FE2924116019006F0E52 /* Frameworks */,
			);
			sourceTree = "<group>";
		};
		09F2C042240EE1B5004A6F47 /* Products */ = {
			isa = PBXGroup;
			children = (
				09F2C041240EE1B5004A6F47 /* iRevatureQuizPro.app */,
			);
			name = Products;
			sourceTree = "<group>";
		};
		09F2C043240EE1B5004A6F47 /* iRevatureQuizPro */ = {
			isa = PBXGroup;
			children = (
				09F2C071240EE287004A6F47 /* Account */,
				09F2C066240EE287004A6F47 /* Application */,
				09F2C061240EE287004A6F47 /* Business */,
				09F2C06B240EE287004A6F47 /* Global-Common */,
				09F2C059240EE287004A6F47 /* Persistence */,
				09F2C070240EE287004A6F47 /* Resources */,
				09F2C05E240EE287004A6F47 /* Services */,
				09F2C05F240EE287004A6F47 /* Storyboard */,
			);
			path = iRevatureQuizPro;
			sourceTree = "<group>";
		};
		09F2C059240EE287004A6F47 /* Persistence */ = {
			isa = PBXGroup;
			children = (
				09F2C05A240EE287004A6F47 /* Respository */,
				09F2C05B240EE287004A6F47 /* Common */,
				09F2C05C240EE287004A6F47 /* Entities */,
				09F2C05D240EE287004A6F47 /* Data-Access */,
			);
			path = Persistence;
			sourceTree = "<group>";
		};
		09F2C05A240EE287004A6F47 /* Respository */ = {
			isa = PBXGroup;
			children = (
				090A813F2411969C008D7A12 /* DatabaseInteractions.swift */,
			);
			path = Respository;
			sourceTree = "<group>";
		};
		09F2C05B240EE287004A6F47 /* Common */ = {
			isa = PBXGroup;
			children = (
				091DC3962411972300C5D577 /* DatabaseInformation.swift */,
				09A4679724119C8700A4BB90 /* DatabaseError.swift */,
			);
			path = Common;
			sourceTree = "<group>";
		};
		09F2C05C240EE287004A6F47 /* Entities */ = {
			isa = PBXGroup;
			children = (
				0940FE2624115EEB006F0E52 /* Metatag */,
			);
			path = Entities;
			sourceTree = "<group>";
		};
		09F2C05D240EE287004A6F47 /* Data-Access */ = {
			isa = PBXGroup;
			children = (
				09A467992411A81100A4BB90 /* MetatagAccess.swift */,
			);
			path = "Data-Access";
			sourceTree = "<group>";
		};
		09F2C05E240EE287004A6F47 /* Services */ = {
			isa = PBXGroup;
			children = (
				5F901D8A241196EC00986FF5 /* API */,
			);
			path = Services;
			sourceTree = "<group>";
		};
		09F2C05F240EE287004A6F47 /* Storyboard */ = {
			isa = PBXGroup;
			children = (
				0944AED4241031CF00688C9B /* CreateEvent */,
				09F2C073240EE29F004A6F47 /* Launch */,
				09F2C072240EE296004A6F47 /* Main */,
				09F2C060240EE287004A6F47 /* Common */,
			);
			path = Storyboard;
			sourceTree = "<group>";
		};
		09F2C060240EE287004A6F47 /* Common */ = {
			isa = PBXGroup;
			children = (
			);
			path = Common;
			sourceTree = "<group>";
		};
		09F2C061240EE287004A6F47 /* Business */ = {
			isa = PBXGroup;
			children = (
				09F2C062240EE287004A6F47 /* Logic */,
				09F2C063240EE287004A6F47 /* Common */,
				09F2C064240EE287004A6F47 /* Services */,
				09F2C065240EE287004A6F47 /* Entities */,
			);
			path = Business;
			sourceTree = "<group>";
		};
		09F2C062240EE287004A6F47 /* Logic */ = {
			isa = PBXGroup;
			children = (
			);
			path = Logic;
			sourceTree = "<group>";
		};
		09F2C063240EE287004A6F47 /* Common */ = {
			isa = PBXGroup;
			children = (
			);
			path = Common;
			sourceTree = "<group>";
		};
		09F2C064240EE287004A6F47 /* Services */ = {
			isa = PBXGroup;
			children = (
			);
			path = Services;
			sourceTree = "<group>";
		};
		09F2C065240EE287004A6F47 /* Entities */ = {
			isa = PBXGroup;
			children = (
			);
			path = Entities;
			sourceTree = "<group>";
		};
		09F2C066240EE287004A6F47 /* Application */ = {
			isa = PBXGroup;
			children = (
				09F2C067240EE287004A6F47 /* Configuration */,
				09F2C068240EE287004A6F47 /* Delegates */,
				09F2C069240EE287004A6F47 /* Modules */,
				09F2C06A240EE287004A6F47 /* Protocols */,
			);
			path = Application;
			sourceTree = "<group>";
		};
		09F2C067240EE287004A6F47 /* Configuration */ = {
			isa = PBXGroup;
			children = (
				09F2C052240EE1B9004A6F47 /* Info.plist */,
			);
			path = Configuration;
			sourceTree = "<group>";
		};
		09F2C068240EE287004A6F47 /* Delegates */ = {
			isa = PBXGroup;
			children = (
				09F2C044240EE1B5004A6F47 /* AppDelegate.swift */,
				09F2C046240EE1B5004A6F47 /* SceneDelegate.swift */,
			);
			path = Delegates;
			sourceTree = "<group>";
		};
		09F2C069240EE287004A6F47 /* Modules */ = {
			isa = PBXGroup;
			children = (
				09F2C075240EE2CE004A6F47 /* Views */,
				09F2C074240EE2C7004A6F47 /* View-Controllers */,
			);
			path = Modules;
			sourceTree = "<group>";
		};
		09F2C06A240EE287004A6F47 /* Protocols */ = {
			isa = PBXGroup;
			children = (
			);
			path = Protocols;
			sourceTree = "<group>";
		};
		09F2C06B240EE287004A6F47 /* Global-Common */ = {
			isa = PBXGroup;
			children = (
				09F2C06C240EE287004A6F47 /* Extensions */,
				09F2C06D240EE287004A6F47 /* Utilities */,
				09F2C06E240EE287004A6F47 /* Common */,
				09F2C06F240EE287004A6F47 /* UI-Elements */,
			);
			path = "Global-Common";
			sourceTree = "<group>";
		};
		09F2C06C240EE287004A6F47 /* Extensions */ = {
			isa = PBXGroup;
			children = (
				0944AED7241036BF00688C9B /* UIColorExtension.swift */,
				5F901D8124114E0C00986FF5 /* UITextFieldExtension.swift */,
			);
			path = Extensions;
			sourceTree = "<group>";
		};
		09F2C06D240EE287004A6F47 /* Utilities */ = {
			isa = PBXGroup;
			children = (
				9544BEF124119B9500BFC412 /* VIewControllerInstantiator.swift */,
			);
			path = Utilities;
			sourceTree = "<group>";
		};
		09F2C06E240EE287004A6F47 /* Common */ = {
			isa = PBXGroup;
			children = (
			);
			path = Common;
			sourceTree = "<group>";
		};
		09F2C06F240EE287004A6F47 /* UI-Elements */ = {
			isa = PBXGroup;
			children = (
				0944AED92410419100688C9B /* RevatureTableViewCell.swift */,
				0944AEDB241041CE00688C9B /* CreateEventCell.swift */,
				84F34FA32410437100D250BB /* iRevatureButton.swift */,
				5F901D7D2411485100986FF5 /* OrangeToolbar.swift */,
				D540960C2411538E00791C7E /* RevatureTextField.swift */,
			);
			path = "UI-Elements";
			sourceTree = "<group>";
		};
		09F2C070240EE287004A6F47 /* Resources */ = {
			isa = PBXGroup;
			children = (
				09F2C04D240EE1B9004A6F47 /* Assets.xcassets */,
			);
			path = Resources;
			sourceTree = "<group>";
		};
		09F2C071240EE287004A6F47 /* Account */ = {
			isa = PBXGroup;
			children = (
			);
			path = Account;
			sourceTree = "<group>";
		};
		09F2C072240EE296004A6F47 /* Main */ = {
			isa = PBXGroup;
			children = (
				09F2C04A240EE1B5004A6F47 /* Main.storyboard */,
				95D8CF1924118B2D00EB322E /* AttendeeSignUp.storyboard */,
				D5F4B4AB241033770051F4B8 /* EmployeeLogin.storyboard */,
				95D8CF1524117F9300EB322E /* EventManagement.storyboard */,
				95D8CF172411849400EB322E /* QuizManagement.storyboard */,
				84DB87CB241049EB00958E75 /* StartQuiz.storyboard */,
			);
			path = Main;
			sourceTree = "<group>";
		};
		09F2C073240EE29F004A6F47 /* Launch */ = {
			isa = PBXGroup;
			children = (
				09F2C04F240EE1B9004A6F47 /* LaunchScreen.storyboard */,
			);
			path = Launch;
			sourceTree = "<group>";
		};
		09F2C074240EE2C7004A6F47 /* View-Controllers */ = {
			isa = PBXGroup;
			children = (
				09F2C048240EE1B5004A6F47 /* ViewController.swift */,
				84DB87CF24114A1000958E75 /* BaseViewController.swift */,
				95D8CF1324116B5B00EB322E /* MainStoryBoardController.swift */,
				95D8CF1F241190BB00EB322E /* AttendeeSignUpViewController.swift */,
				95D8CF1B2411907100EB322E /* EmployeeLoginViewController.swift */,
				95D8CF1D241190A100EB322E /* EventViewViewController.swift */,
				0944AEDD2410540400688C9B /* CreateEventViewController.swift */,
				95D8CF21241190E900EB322E /* QuizViewViewController.swift */,
				95D8CF232411911A00EB322E /* CreateQuizViewController.swift */,
				84DB87D3241159C300958E75 /* StartQuizViewController.swift */,
			);
			path = "View-Controllers";
			sourceTree = "<group>";
		};
		09F2C075240EE2CE004A6F47 /* Views */ = {
			isa = PBXGroup;
			children = (
				5F901D7B2411445600986FF5 /* DatePicker.swift */,
				5F901D7F24114A5200986FF5 /* DropdownPicker.swift */,
			);
			path = Views;
			sourceTree = "<group>";
		};
		5F901D8A241196EC00986FF5 /* API */ = {
			isa = PBXGroup;
			children = (
				5F901D8D2411A0E900986FF5 /* Entities */,
			);
			path = API;
			sourceTree = "<group>";
		};
		5F901D8D2411A0E900986FF5 /* Entities */ = {
			isa = PBXGroup;
			children = (
				5F901D8B2411971700986FF5 /* TrainerLoginAPIResponse.swift */,
				5F901D8E2411A11700986FF5 /* TrainerLoginData.swift */,
				5F901D942411A1AB00986FF5 /* Organization.swift */,
				5F901D902411A13700986FF5 /* CurrentSystemRole.swift */,
				5F901D922411A15200986FF5 /* OrgSystemUser.swift */,
			);
			path = Entities;
			sourceTree = "<group>";
		};
/* End PBXGroup section */

/* Begin PBXNativeTarget section */
		09F2C040240EE1B5004A6F47 /* iRevatureQuizPro */ = {
			isa = PBXNativeTarget;
			buildConfigurationList = 09F2C055240EE1B9004A6F47 /* Build configuration list for PBXNativeTarget "iRevatureQuizPro" */;
			buildPhases = (
				09F2C03D240EE1B5004A6F47 /* Sources */,
				09F2C03E240EE1B5004A6F47 /* Frameworks */,
				09F2C03F240EE1B5004A6F47 /* Resources */,
			);
			buildRules = (
			);
			dependencies = (
			);
			name = iRevatureQuizPro;
			productName = iRevatureQuizPro;
			productReference = 09F2C041240EE1B5004A6F47 /* iRevatureQuizPro.app */;
			productType = "com.apple.product-type.application";
		};
/* End PBXNativeTarget section */

/* Begin PBXProject section */
		09F2C039240EE1B5004A6F47 /* Project object */ = {
			isa = PBXProject;
			attributes = {
				LastSwiftUpdateCheck = 1130;
				LastUpgradeCheck = 1130;
				ORGANIZATIONNAME = revature;
				TargetAttributes = {
					09F2C040240EE1B5004A6F47 = {
						CreatedOnToolsVersion = 11.3.1;
					};
				};
			};
			buildConfigurationList = 09F2C03C240EE1B5004A6F47 /* Build configuration list for PBXProject "iRevatureQuizPro" */;
			compatibilityVersion = "Xcode 9.3";
			developmentRegion = en;
			hasScannedForEncodings = 0;
			knownRegions = (
				en,
				Base,
			);
			mainGroup = 09F2C038240EE1B5004A6F47;
			productRefGroup = 09F2C042240EE1B5004A6F47 /* Products */;
			projectDirPath = "";
			projectRoot = "";
			targets = (
				09F2C040240EE1B5004A6F47 /* iRevatureQuizPro */,
			);
		};
/* End PBXProject section */

/* Begin PBXResourcesBuildPhase section */
		09F2C03F240EE1B5004A6F47 /* Resources */ = {
			isa = PBXResourcesBuildPhase;
			buildActionMask = 2147483647;
			files = (
				0940FE8A24116145006F0E52 /* arm.swiftmodule in Resources */,
				0940FE8C24116145006F0E52 /* arm64.swiftdoc in Resources */,
				D5F4B4AC241033770051F4B8 /* EmployeeLogin.storyboard in Resources */,
				09F2C051240EE1B9004A6F47 /* LaunchScreen.storyboard in Resources */,
				0940FE8624116145006F0E52 /* x86_64.swiftmodule in Resources */,
				09F2C04E240EE1B9004A6F47 /* Assets.xcassets in Resources */,
				0940FE8724116145006F0E52 /* arm.swiftdoc in Resources */,
				84DB87CC241049EB00958E75 /* StartQuiz.storyboard in Resources */,
				0940FE8D24116145006F0E52 /* armv7-apple-ios.swiftdoc in Resources */,
				0940FE8924116145006F0E52 /* arm64-apple-ios.swiftmodule in Resources */,
				09F2C04C240EE1B5004A6F47 /* Main.storyboard in Resources */,
				0940FE8E24116145006F0E52 /* armv7.swiftmodule in Resources */,
				0940FE8124116145006F0E52 /* arm64-apple-ios.swiftdoc in Resources */,
				95D8CF1A24118B2D00EB322E /* AttendeeSignUp.storyboard in Resources */,
				0940FE8424116145006F0E52 /* x86_64.swiftdoc in Resources */,
				0940FE8B24116145006F0E52 /* armv7.swiftdoc in Resources */,
				0940FE8824116145006F0E52 /* armv7-apple-ios.swiftmodule in Resources */,
				0940FE8524116145006F0E52 /* arm64.swiftmodule in Resources */,
				95D8CF182411849400EB322E /* QuizManagement.storyboard in Resources */,
				0940FE8224116145006F0E52 /* x86_64-apple-ios-simulator.swiftdoc in Resources */,
				95D8CF1624117F9300EB322E /* EventManagement.storyboard in Resources */,
				0940FE8324116145006F0E52 /* x86_64-apple-ios-simulator.swiftmodule in Resources */,
			);
			runOnlyForDeploymentPostprocessing = 0;
		};
/* End PBXResourcesBuildPhase section */

/* Begin PBXSourcesBuildPhase section */
		09F2C03D240EE1B5004A6F47 /* Sources */ = {
			isa = PBXSourcesBuildPhase;
			buildActionMask = 2147483647;
			files = (
				0944AEDA2410419100688C9B /* RevatureTableViewCell.swift in Sources */,
				84DB87D024114A1000958E75 /* BaseViewController.swift in Sources */,
				09A4679A2411A81100A4BB90 /* MetatagAccess.swift in Sources */,
				5F901D8224114E0C00986FF5 /* UITextFieldExtension.swift in Sources */,
				09A4679824119C8700A4BB90 /* DatabaseError.swift in Sources */,
				090A813E241195F5008D7A12 /* MetatagReturnStructs.swift in Sources */,
				090A813C24119492008D7A12 /* MetatagStatements.swift in Sources */,
				5F901D952411A1AB00986FF5 /* Organization.swift in Sources */,
				5F901D8224114E0C00986FF5 /* UITextFieldExtension.swift in Sources */,
				95D8CF1424116B5B00EB322E /* MainStoryBoardController.swift in Sources */,
				09F2C049240EE1B5004A6F47 /* ViewController.swift in Sources */,
				84DB87D4241159C300958E75 /* StartQuizViewController.swift in Sources */,
				5F901D8F2411A11700986FF5 /* TrainerLoginData.swift in Sources */,
				0944AEDC241041CE00688C9B /* CreateEventCell.swift in Sources */,
				95D8CF1E241190A100EB322E /* EventViewViewController.swift in Sources */,
				5F901D8024114A5200986FF5 /* DropdownPicker.swift in Sources */,
				091DC3972411972300C5D577 /* DatabaseInformation.swift in Sources */,
				09F2C045240EE1B5004A6F47 /* AppDelegate.swift in Sources */,
				0940FE6E2411611D006F0E52 /* MetatagTable.swift in Sources */,
				95D8CF1C2411907100EB322E /* EmployeeLoginViewController.swift in Sources */,
				95D8CF20241190BB00EB322E /* AttendeeSignUpViewController.swift in Sources */,
				09F2C047240EE1B5004A6F47 /* SceneDelegate.swift in Sources */,
				95D8CF22241190E900EB322E /* QuizViewViewController.swift in Sources */,
				5F901D7E2411485100986FF5 /* OrangeToolbar.swift in Sources */,
				D540960D2411538E00791C7E /* RevatureTextField.swift in Sources */,
				5F901D932411A15200986FF5 /* OrgSystemUser.swift in Sources */,
				5F901D7C2411445600986FF5 /* DatePicker.swift in Sources */,
				0944AED8241036BF00688C9B /* UIColorExtension.swift in Sources */,
				5F901D8C2411971700986FF5 /* TrainerLoginAPIResponse.swift in Sources */,
				5F901D912411A13700986FF5 /* CurrentSystemRole.swift in Sources */,
				84F34FA42410437100D250BB /* iRevatureButton.swift in Sources */,
				090A81402411969C008D7A12 /* DatabaseInteractions.swift in Sources */,
				0944AEDE2410540400688C9B /* CreateEventViewController.swift in Sources */,
				9544BEF224119B9500BFC412 /* VIewControllerInstantiator.swift in Sources */,
				95D8CF242411911A00EB322E /* CreateQuizViewController.swift in Sources */,
			);
			runOnlyForDeploymentPostprocessing = 0;
		};
/* End PBXSourcesBuildPhase section */

/* Begin PBXVariantGroup section */
		09F2C04A240EE1B5004A6F47 /* Main.storyboard */ = {
			isa = PBXVariantGroup;
			children = (
				09F2C04B240EE1B5004A6F47 /* Base */,
			);
			name = Main.storyboard;
			sourceTree = "<group>";
		};
		09F2C04F240EE1B9004A6F47 /* LaunchScreen.storyboard */ = {
			isa = PBXVariantGroup;
			children = (
				09F2C050240EE1B9004A6F47 /* Base */,
			);
			name = LaunchScreen.storyboard;
			sourceTree = "<group>";
		};
/* End PBXVariantGroup section */

/* Begin XCBuildConfiguration section */
		09F2C053240EE1B9004A6F47 /* Debug */ = {
			isa = XCBuildConfiguration;
			buildSettings = {
				ALWAYS_SEARCH_USER_PATHS = NO;
				CLANG_ANALYZER_NONNULL = YES;
				CLANG_ANALYZER_NUMBER_OBJECT_CONVERSION = YES_AGGRESSIVE;
				CLANG_CXX_LANGUAGE_STANDARD = "gnu++14";
				CLANG_CXX_LIBRARY = "libc++";
				CLANG_ENABLE_MODULES = YES;
				CLANG_ENABLE_OBJC_ARC = YES;
				CLANG_ENABLE_OBJC_WEAK = YES;
				CLANG_WARN_BLOCK_CAPTURE_AUTORELEASING = YES;
				CLANG_WARN_BOOL_CONVERSION = YES;
				CLANG_WARN_COMMA = YES;
				CLANG_WARN_CONSTANT_CONVERSION = YES;
				CLANG_WARN_DEPRECATED_OBJC_IMPLEMENTATIONS = YES;
				CLANG_WARN_DIRECT_OBJC_ISA_USAGE = YES_ERROR;
				CLANG_WARN_DOCUMENTATION_COMMENTS = YES;
				CLANG_WARN_EMPTY_BODY = YES;
				CLANG_WARN_ENUM_CONVERSION = YES;
				CLANG_WARN_INFINITE_RECURSION = YES;
				CLANG_WARN_INT_CONVERSION = YES;
				CLANG_WARN_NON_LITERAL_NULL_CONVERSION = YES;
				CLANG_WARN_OBJC_IMPLICIT_RETAIN_SELF = YES;
				CLANG_WARN_OBJC_LITERAL_CONVERSION = YES;
				CLANG_WARN_OBJC_ROOT_CLASS = YES_ERROR;
				CLANG_WARN_RANGE_LOOP_ANALYSIS = YES;
				CLANG_WARN_STRICT_PROTOTYPES = YES;
				CLANG_WARN_SUSPICIOUS_MOVE = YES;
				CLANG_WARN_UNGUARDED_AVAILABILITY = YES_AGGRESSIVE;
				CLANG_WARN_UNREACHABLE_CODE = YES;
				CLANG_WARN__DUPLICATE_METHOD_MATCH = YES;
				COPY_PHASE_STRIP = NO;
				DEBUG_INFORMATION_FORMAT = dwarf;
				ENABLE_STRICT_OBJC_MSGSEND = YES;
				ENABLE_TESTABILITY = YES;
				GCC_C_LANGUAGE_STANDARD = gnu11;
				GCC_DYNAMIC_NO_PIC = NO;
				GCC_NO_COMMON_BLOCKS = YES;
				GCC_OPTIMIZATION_LEVEL = 0;
				GCC_PREPROCESSOR_DEFINITIONS = (
					"DEBUG=1",
					"$(inherited)",
				);
				GCC_WARN_64_TO_32_BIT_CONVERSION = YES;
				GCC_WARN_ABOUT_RETURN_TYPE = YES_ERROR;
				GCC_WARN_UNDECLARED_SELECTOR = YES;
				GCC_WARN_UNINITIALIZED_AUTOS = YES_AGGRESSIVE;
				GCC_WARN_UNUSED_FUNCTION = YES;
				GCC_WARN_UNUSED_VARIABLE = YES;
				IPHONEOS_DEPLOYMENT_TARGET = 8.0;
				LIBRARY_SEARCH_PATHS = "";
				MTL_ENABLE_DEBUG_INFO = INCLUDE_SOURCE;
				MTL_FAST_MATH = YES;
				ONLY_ACTIVE_ARCH = YES;
				SDKROOT = iphoneos;
				SWIFT_ACTIVE_COMPILATION_CONDITIONS = DEBUG;
				SWIFT_OPTIMIZATION_LEVEL = "-Onone";
			};
			name = Debug;
		};
		09F2C054240EE1B9004A6F47 /* Release */ = {
			isa = XCBuildConfiguration;
			buildSettings = {
				ALWAYS_SEARCH_USER_PATHS = NO;
				CLANG_ANALYZER_NONNULL = YES;
				CLANG_ANALYZER_NUMBER_OBJECT_CONVERSION = YES_AGGRESSIVE;
				CLANG_CXX_LANGUAGE_STANDARD = "gnu++14";
				CLANG_CXX_LIBRARY = "libc++";
				CLANG_ENABLE_MODULES = YES;
				CLANG_ENABLE_OBJC_ARC = YES;
				CLANG_ENABLE_OBJC_WEAK = YES;
				CLANG_WARN_BLOCK_CAPTURE_AUTORELEASING = YES;
				CLANG_WARN_BOOL_CONVERSION = YES;
				CLANG_WARN_COMMA = YES;
				CLANG_WARN_CONSTANT_CONVERSION = YES;
				CLANG_WARN_DEPRECATED_OBJC_IMPLEMENTATIONS = YES;
				CLANG_WARN_DIRECT_OBJC_ISA_USAGE = YES_ERROR;
				CLANG_WARN_DOCUMENTATION_COMMENTS = YES;
				CLANG_WARN_EMPTY_BODY = YES;
				CLANG_WARN_ENUM_CONVERSION = YES;
				CLANG_WARN_INFINITE_RECURSION = YES;
				CLANG_WARN_INT_CONVERSION = YES;
				CLANG_WARN_NON_LITERAL_NULL_CONVERSION = YES;
				CLANG_WARN_OBJC_IMPLICIT_RETAIN_SELF = YES;
				CLANG_WARN_OBJC_LITERAL_CONVERSION = YES;
				CLANG_WARN_OBJC_ROOT_CLASS = YES_ERROR;
				CLANG_WARN_RANGE_LOOP_ANALYSIS = YES;
				CLANG_WARN_STRICT_PROTOTYPES = YES;
				CLANG_WARN_SUSPICIOUS_MOVE = YES;
				CLANG_WARN_UNGUARDED_AVAILABILITY = YES_AGGRESSIVE;
				CLANG_WARN_UNREACHABLE_CODE = YES;
				CLANG_WARN__DUPLICATE_METHOD_MATCH = YES;
				COPY_PHASE_STRIP = NO;
				DEBUG_INFORMATION_FORMAT = "dwarf-with-dsym";
				ENABLE_NS_ASSERTIONS = NO;
				ENABLE_STRICT_OBJC_MSGSEND = YES;
				GCC_C_LANGUAGE_STANDARD = gnu11;
				GCC_NO_COMMON_BLOCKS = YES;
				GCC_WARN_64_TO_32_BIT_CONVERSION = YES;
				GCC_WARN_ABOUT_RETURN_TYPE = YES_ERROR;
				GCC_WARN_UNDECLARED_SELECTOR = YES;
				GCC_WARN_UNINITIALIZED_AUTOS = YES_AGGRESSIVE;
				GCC_WARN_UNUSED_FUNCTION = YES;
				GCC_WARN_UNUSED_VARIABLE = YES;
				IPHONEOS_DEPLOYMENT_TARGET = 8.0;
				LIBRARY_SEARCH_PATHS = "";
				MTL_ENABLE_DEBUG_INFO = NO;
				MTL_FAST_MATH = YES;
				SDKROOT = iphoneos;
				SWIFT_COMPILATION_MODE = wholemodule;
				SWIFT_OPTIMIZATION_LEVEL = "-O";
				VALIDATE_PRODUCT = YES;
			};
			name = Release;
		};
		09F2C056240EE1B9004A6F47 /* Debug */ = {
			isa = XCBuildConfiguration;
			buildSettings = {
				ASSETCATALOG_COMPILER_APPICON_NAME = AppIcon;
				CODE_SIGN_STYLE = Automatic;
				INFOPLIST_FILE = "$(PROJECT_DIR)/iRevatureQuizPro/Application/Configuration/Info.plist";
				IPHONEOS_DEPLOYMENT_TARGET = 13.2;
				LD_RUNPATH_SEARCH_PATHS = (
					"$(inherited)",
					"@executable_path/Frameworks",
				);
				LIBRARY_SEARCH_PATHS = "$(PROJECT_DIR)/StaticLibraries/EasySQLite";
				PRODUCT_BUNDLE_IDENTIFIER = com.revature.iRevatureQuizPro;
				PRODUCT_NAME = "$(TARGET_NAME)";
				SWIFT_INCLUDE_PATHS = "$(PROJECT_DIR)/StaticLibraries/EasySQLite";
				SWIFT_VERSION = 5.0;
				TARGETED_DEVICE_FAMILY = "1,2";
			};
			name = Debug;
		};
		09F2C057240EE1B9004A6F47 /* Release */ = {
			isa = XCBuildConfiguration;
			buildSettings = {
				ASSETCATALOG_COMPILER_APPICON_NAME = AppIcon;
				CODE_SIGN_STYLE = Automatic;
				INFOPLIST_FILE = "$(PROJECT_DIR)/iRevatureQuizPro/Application/Configuration/Info.plist";
				IPHONEOS_DEPLOYMENT_TARGET = 13.2;
				LD_RUNPATH_SEARCH_PATHS = (
					"$(inherited)",
					"@executable_path/Frameworks",
				);
				LIBRARY_SEARCH_PATHS = "$(PROJECT_DIR)/StaticLibraries/EasySQLite";
				PRODUCT_BUNDLE_IDENTIFIER = com.revature.iRevatureQuizPro;
				PRODUCT_NAME = "$(TARGET_NAME)";
				SWIFT_INCLUDE_PATHS = "$(PROJECT_DIR)/StaticLibraries/EasySQLite";
				SWIFT_VERSION = 5.0;
				TARGETED_DEVICE_FAMILY = "1,2";
			};
			name = Release;
		};
/* End XCBuildConfiguration section */

/* Begin XCConfigurationList section */
		09F2C03C240EE1B5004A6F47 /* Build configuration list for PBXProject "iRevatureQuizPro" */ = {
			isa = XCConfigurationList;
			buildConfigurations = (
				09F2C053240EE1B9004A6F47 /* Debug */,
				09F2C054240EE1B9004A6F47 /* Release */,
			);
			defaultConfigurationIsVisible = 0;
			defaultConfigurationName = Release;
		};
		09F2C055240EE1B9004A6F47 /* Build configuration list for PBXNativeTarget "iRevatureQuizPro" */ = {
			isa = XCConfigurationList;
			buildConfigurations = (
				09F2C056240EE1B9004A6F47 /* Debug */,
				09F2C057240EE1B9004A6F47 /* Release */,
			);
			defaultConfigurationIsVisible = 0;
			defaultConfigurationName = Release;
		};
/* End XCConfigurationList section */
	};
	rootObject = 09F2C039240EE1B5004A6F47 /* Project object */;
}
